// !$*UTF8*$!
{
	archiveVersion = 1;
	classes = {
	};
	objectVersion = 50;
	objects = {

/* Begin PBXBuildFile section */
		250D87EF2751749F00C859BC /* AppDelegate.swift in Sources */ = {isa = PBXBuildFile; fileRef = 250D87EE2751749F00C859BC /* AppDelegate.swift */; };
		250D87F62751749F00C859BC /* Main.storyboard in Resources */ = {isa = PBXBuildFile; fileRef = 250D87F42751749F00C859BC /* Main.storyboard */; };
		250D87F8275174A100C859BC /* Assets.xcassets in Resources */ = {isa = PBXBuildFile; fileRef = 250D87F7275174A100C859BC /* Assets.xcassets */; };
		250D87FB275174A100C859BC /* LaunchScreen.storyboard in Resources */ = {isa = PBXBuildFile; fileRef = 250D87F9275174A100C859BC /* LaunchScreen.storyboard */; };
		250D880B2751767B00C859BC /* UIViewController+Extensions.swift in Sources */ = {isa = PBXBuildFile; fileRef = 250D880A2751767B00C859BC /* UIViewController+Extensions.swift */; };
		250D88112751786400C859BC /* AppCoordinator.swift in Sources */ = {isa = PBXBuildFile; fileRef = 250D88102751786400C859BC /* AppCoordinator.swift */; };
		250D88142751788A00C859BC /* DependencyContainer.swift in Sources */ = {isa = PBXBuildFile; fileRef = 250D88132751788A00C859BC /* DependencyContainer.swift */; };
		250D881C27517A2D00C859BC /* PreLoginViewController.swift in Sources */ = {isa = PBXBuildFile; fileRef = 250D881B27517A2D00C859BC /* PreLoginViewController.swift */; };
		250D881F27517A3900C859BC /* PreLoginViewModel.swift in Sources */ = {isa = PBXBuildFile; fileRef = 250D881E27517A3900C859BC /* PreLoginViewModel.swift */; };
		250D882227517A4200C859BC /* PreLoginCoordinator.swift in Sources */ = {isa = PBXBuildFile; fileRef = 250D882127517A4200C859BC /* PreLoginCoordinator.swift */; };
		250D882727517B2300C859BC /* UIBarButtonItem+Extensions.swift in Sources */ = {isa = PBXBuildFile; fileRef = 250D882627517B2300C859BC /* UIBarButtonItem+Extensions.swift */; };
		250D882A27517B4700C859BC /* UINavigationItem+Extensions.swift in Sources */ = {isa = PBXBuildFile; fileRef = 250D882927517B4700C859BC /* UINavigationItem+Extensions.swift */; };
		250D882E27517BD400C859BC /* SliderItemCollectionViewCell.swift in Sources */ = {isa = PBXBuildFile; fileRef = 250D882C27517BD400C859BC /* SliderItemCollectionViewCell.swift */; };
		250D882F27517BD400C859BC /* SliderItemCollectionViewCell.xib in Resources */ = {isa = PBXBuildFile; fileRef = 250D882D27517BD400C859BC /* SliderItemCollectionViewCell.xib */; };
		250D88482751835D00C859BC /* CampaignViewModel.swift in Sources */ = {isa = PBXBuildFile; fileRef = 250D88382751835D00C859BC /* CampaignViewModel.swift */; };
		250D88492751835D00C859BC /* CampaignCoordinator.swift in Sources */ = {isa = PBXBuildFile; fileRef = 250D883A2751835D00C859BC /* CampaignCoordinator.swift */; };
		250D884A2751835D00C859BC /* CampaignDetailViewModel.swift in Sources */ = {isa = PBXBuildFile; fileRef = 250D883E2751835D00C859BC /* CampaignDetailViewModel.swift */; };
		250D884B2751835D00C859BC /* CampaignDetailViewController.swift in Sources */ = {isa = PBXBuildFile; fileRef = 250D88402751835D00C859BC /* CampaignDetailViewController.swift */; };
		250D884C2751835D00C859BC /* CampaignModel.swift in Sources */ = {isa = PBXBuildFile; fileRef = 250D88422751835D00C859BC /* CampaignModel.swift */; };
		250D884D2751835D00C859BC /* CampaignCollectionViewCell.xib in Resources */ = {isa = PBXBuildFile; fileRef = 250D88452751835D00C859BC /* CampaignCollectionViewCell.xib */; };
		250D884E2751835D00C859BC /* CampaignCollectionViewCell.swift in Sources */ = {isa = PBXBuildFile; fileRef = 250D88462751835D00C859BC /* CampaignCollectionViewCell.swift */; };
		250D884F2751835D00C859BC /* CampaignViewController.swift in Sources */ = {isa = PBXBuildFile; fileRef = 250D88472751835D00C859BC /* CampaignViewController.swift */; };
		250D88542751840600C859BC /* Decimal+Extensions.swift in Sources */ = {isa = PBXBuildFile; fileRef = 250D88532751840600C859BC /* Decimal+Extensions.swift */; };
		250D88592751871800C859BC /* ListFlowLayout.swift in Sources */ = {isa = PBXBuildFile; fileRef = 250D88582751871800C859BC /* ListFlowLayout.swift */; };
		250D886127518F8E00C859BC /* LoginViewController.swift in Sources */ = {isa = PBXBuildFile; fileRef = 250D886027518F8E00C859BC /* LoginViewController.swift */; };
		250D886527518FAA00C859BC /* LoginViewModel.swift in Sources */ = {isa = PBXBuildFile; fileRef = 250D886427518FAA00C859BC /* LoginViewModel.swift */; };
		250D886827518FBD00C859BC /* LoginCoordinator.swift in Sources */ = {isa = PBXBuildFile; fileRef = 250D886727518FBD00C859BC /* LoginCoordinator.swift */; };
		250D886C2751914E00C859BC /* GeneralConstants.swift in Sources */ = {isa = PBXBuildFile; fileRef = 250D886B2751914E00C859BC /* GeneralConstants.swift */; };
		250D8870275192C100C859BC /* TitleSubtitleCell.swift in Sources */ = {isa = PBXBuildFile; fileRef = 250D886F275192C100C859BC /* TitleSubtitleCell.swift */; };
		250D8875275193A500C859BC /* TitleSubtitleCellModel.swift in Sources */ = {isa = PBXBuildFile; fileRef = 250D8874275193A500C859BC /* TitleSubtitleCellModel.swift */; };
		250D888027519ECB00C859BC /* DashboardCoordinator.swift in Sources */ = {isa = PBXBuildFile; fileRef = 250D887F27519ECB00C859BC /* DashboardCoordinator.swift */; };
		250D888427519ED400C859BC /* DashboardViewController.swift in Sources */ = {isa = PBXBuildFile; fileRef = 250D888327519ED400C859BC /* DashboardViewController.swift */; };
		250D888727519EDD00C859BC /* DashboardViewModel.swift in Sources */ = {isa = PBXBuildFile; fileRef = 250D888627519EDD00C859BC /* DashboardViewModel.swift */; };
		250D888B2751A13800C859BC /* ProfileViewController.swift in Sources */ = {isa = PBXBuildFile; fileRef = 250D888A2751A13800C859BC /* ProfileViewController.swift */; };
		250D88932751B74A00C859BC /* UIColor+Extensions.swift in Sources */ = {isa = PBXBuildFile; fileRef = 250D88922751B74A00C859BC /* UIColor+Extensions.swift */; };
		250D88962751B84800C859BC /* UIButton+Extensions.swift in Sources */ = {isa = PBXBuildFile; fileRef = 250D88952751B84800C859BC /* UIButton+Extensions.swift */; };
/* End PBXBuildFile section */

/* Begin PBXFileReference section */
		250D87EB2751749F00C859BC /* pnp.app */ = {isa = PBXFileReference; explicitFileType = wrapper.application; includeInIndex = 0; path = pnp.app; sourceTree = BUILT_PRODUCTS_DIR; };
		250D87EE2751749F00C859BC /* AppDelegate.swift */ = {isa = PBXFileReference; lastKnownFileType = sourcecode.swift; path = AppDelegate.swift; sourceTree = "<group>"; };
		250D87F52751749F00C859BC /* Base */ = {isa = PBXFileReference; lastKnownFileType = file.storyboard; name = Base; path = Base.lproj/Main.storyboard; sourceTree = "<group>"; };
		250D87F7275174A100C859BC /* Assets.xcassets */ = {isa = PBXFileReference; lastKnownFileType = folder.assetcatalog; path = Assets.xcassets; sourceTree = "<group>"; };
		250D87FA275174A100C859BC /* Base */ = {isa = PBXFileReference; lastKnownFileType = file.storyboard; name = Base; path = Base.lproj/LaunchScreen.storyboard; sourceTree = "<group>"; };
		250D87FC275174A100C859BC /* Info.plist */ = {isa = PBXFileReference; lastKnownFileType = text.plist.xml; path = Info.plist; sourceTree = "<group>"; };
		250D880A2751767B00C859BC /* UIViewController+Extensions.swift */ = {isa = PBXFileReference; lastKnownFileType = sourcecode.swift; path = "UIViewController+Extensions.swift"; sourceTree = "<group>"; };
		250D88102751786400C859BC /* AppCoordinator.swift */ = {isa = PBXFileReference; lastKnownFileType = sourcecode.swift; path = AppCoordinator.swift; sourceTree = "<group>"; };
		250D88132751788A00C859BC /* DependencyContainer.swift */ = {isa = PBXFileReference; lastKnownFileType = sourcecode.swift; path = DependencyContainer.swift; sourceTree = "<group>"; };
		250D881B27517A2D00C859BC /* PreLoginViewController.swift */ = {isa = PBXFileReference; lastKnownFileType = sourcecode.swift; path = PreLoginViewController.swift; sourceTree = "<group>"; };
		250D881E27517A3900C859BC /* PreLoginViewModel.swift */ = {isa = PBXFileReference; lastKnownFileType = sourcecode.swift; path = PreLoginViewModel.swift; sourceTree = "<group>"; };
		250D882127517A4200C859BC /* PreLoginCoordinator.swift */ = {isa = PBXFileReference; lastKnownFileType = sourcecode.swift; path = PreLoginCoordinator.swift; sourceTree = "<group>"; };
		250D882627517B2300C859BC /* UIBarButtonItem+Extensions.swift */ = {isa = PBXFileReference; lastKnownFileType = sourcecode.swift; path = "UIBarButtonItem+Extensions.swift"; sourceTree = "<group>"; };
		250D882927517B4700C859BC /* UINavigationItem+Extensions.swift */ = {isa = PBXFileReference; lastKnownFileType = sourcecode.swift; path = "UINavigationItem+Extensions.swift"; sourceTree = "<group>"; };
		250D882C27517BD400C859BC /* SliderItemCollectionViewCell.swift */ = {isa = PBXFileReference; lastKnownFileType = sourcecode.swift; path = SliderItemCollectionViewCell.swift; sourceTree = "<group>"; };
		250D882D27517BD400C859BC /* SliderItemCollectionViewCell.xib */ = {isa = PBXFileReference; lastKnownFileType = file.xib; path = SliderItemCollectionViewCell.xib; sourceTree = "<group>"; };
		250D88382751835D00C859BC /* CampaignViewModel.swift */ = {isa = PBXFileReference; fileEncoding = 4; lastKnownFileType = sourcecode.swift; path = CampaignViewModel.swift; sourceTree = "<group>"; };
		250D883A2751835D00C859BC /* CampaignCoordinator.swift */ = {isa = PBXFileReference; fileEncoding = 4; lastKnownFileType = sourcecode.swift; path = CampaignCoordinator.swift; sourceTree = "<group>"; };
		250D883E2751835D00C859BC /* CampaignDetailViewModel.swift */ = {isa = PBXFileReference; fileEncoding = 4; lastKnownFileType = sourcecode.swift; path = CampaignDetailViewModel.swift; sourceTree = "<group>"; };
		250D88402751835D00C859BC /* CampaignDetailViewController.swift */ = {isa = PBXFileReference; fileEncoding = 4; lastKnownFileType = sourcecode.swift; path = CampaignDetailViewController.swift; sourceTree = "<group>"; };
		250D88422751835D00C859BC /* CampaignModel.swift */ = {isa = PBXFileReference; fileEncoding = 4; lastKnownFileType = sourcecode.swift; path = CampaignModel.swift; sourceTree = "<group>"; };
		250D88452751835D00C859BC /* CampaignCollectionViewCell.xib */ = {isa = PBXFileReference; fileEncoding = 4; lastKnownFileType = file.xib; path = CampaignCollectionViewCell.xib; sourceTree = "<group>"; };
		250D88462751835D00C859BC /* CampaignCollectionViewCell.swift */ = {isa = PBXFileReference; fileEncoding = 4; lastKnownFileType = sourcecode.swift; path = CampaignCollectionViewCell.swift; sourceTree = "<group>"; };
		250D88472751835D00C859BC /* CampaignViewController.swift */ = {isa = PBXFileReference; fileEncoding = 4; lastKnownFileType = sourcecode.swift; path = CampaignViewController.swift; sourceTree = "<group>"; };
		250D88532751840600C859BC /* Decimal+Extensions.swift */ = {isa = PBXFileReference; lastKnownFileType = sourcecode.swift; path = "Decimal+Extensions.swift"; sourceTree = "<group>"; };
		250D88582751871800C859BC /* ListFlowLayout.swift */ = {isa = PBXFileReference; lastKnownFileType = sourcecode.swift; path = ListFlowLayout.swift; sourceTree = "<group>"; };
		250D886027518F8E00C859BC /* LoginViewController.swift */ = {isa = PBXFileReference; lastKnownFileType = sourcecode.swift; path = LoginViewController.swift; sourceTree = "<group>"; };
		250D886427518FAA00C859BC /* LoginViewModel.swift */ = {isa = PBXFileReference; lastKnownFileType = sourcecode.swift; path = LoginViewModel.swift; sourceTree = "<group>"; };
		250D886727518FBD00C859BC /* LoginCoordinator.swift */ = {isa = PBXFileReference; lastKnownFileType = sourcecode.swift; path = LoginCoordinator.swift; sourceTree = "<group>"; };
		250D886B2751914E00C859BC /* GeneralConstants.swift */ = {isa = PBXFileReference; lastKnownFileType = sourcecode.swift; path = GeneralConstants.swift; sourceTree = "<group>"; };
		250D886F275192C100C859BC /* TitleSubtitleCell.swift */ = {isa = PBXFileReference; lastKnownFileType = sourcecode.swift; path = TitleSubtitleCell.swift; sourceTree = "<group>"; };
		250D8874275193A500C859BC /* TitleSubtitleCellModel.swift */ = {isa = PBXFileReference; lastKnownFileType = sourcecode.swift; path = TitleSubtitleCellModel.swift; sourceTree = "<group>"; };
		250D887F27519ECB00C859BC /* DashboardCoordinator.swift */ = {isa = PBXFileReference; lastKnownFileType = sourcecode.swift; path = DashboardCoordinator.swift; sourceTree = "<group>"; };
		250D888327519ED400C859BC /* DashboardViewController.swift */ = {isa = PBXFileReference; lastKnownFileType = sourcecode.swift; path = DashboardViewController.swift; sourceTree = "<group>"; };
		250D888627519EDD00C859BC /* DashboardViewModel.swift */ = {isa = PBXFileReference; lastKnownFileType = sourcecode.swift; path = DashboardViewModel.swift; sourceTree = "<group>"; };
		250D888A2751A13800C859BC /* ProfileViewController.swift */ = {isa = PBXFileReference; lastKnownFileType = sourcecode.swift; path = ProfileViewController.swift; sourceTree = "<group>"; };
		250D88922751B74A00C859BC /* UIColor+Extensions.swift */ = {isa = PBXFileReference; lastKnownFileType = sourcecode.swift; path = "UIColor+Extensions.swift"; sourceTree = "<group>"; };
		250D88952751B84800C859BC /* UIButton+Extensions.swift */ = {isa = PBXFileReference; lastKnownFileType = sourcecode.swift; path = "UIButton+Extensions.swift"; sourceTree = "<group>"; };
/* End PBXFileReference section */

/* Begin PBXFrameworksBuildPhase section */
		250D87E82751749F00C859BC /* Frameworks */ = {
			isa = PBXFrameworksBuildPhase;
			buildActionMask = 2147483647;
			files = (
			);
			runOnlyForDeploymentPostprocessing = 0;
		};
/* End PBXFrameworksBuildPhase section */

/* Begin PBXGroup section */
		250D87E22751749F00C859BC = {
			isa = PBXGroup;
			children = (
				250D87ED2751749F00C859BC /* pnp */,
				250D87EC2751749F00C859BC /* Products */,
			);
			sourceTree = "<group>";
		};
		250D87EC2751749F00C859BC /* Products */ = {
			isa = PBXGroup;
			children = (
				250D87EB2751749F00C859BC /* pnp.app */,
			);
			name = Products;
			sourceTree = "<group>";
		};
		250D87ED2751749F00C859BC /* pnp */ = {
			isa = PBXGroup;
			children = (
				250D886A2751913700C859BC /* Constants */,
				250D88052751754F00C859BC /* App */,
				250D88092751766A00C859BC /* Extensions */,
				250D88062751756D00C859BC /* Resources */,
				250D88512751836800C859BC /* Screens */,
				250D882427517B0600C859BC /* Shared */,
				250D87F42751749F00C859BC /* Main.storyboard */,
				250D87F9275174A100C859BC /* LaunchScreen.storyboard */,
			);
			path = pnp;
			sourceTree = "<group>";
		};
		250D88052751754F00C859BC /* App */ = {
			isa = PBXGroup;
			children = (
				250D87EE2751749F00C859BC /* AppDelegate.swift */,
				250D88102751786400C859BC /* AppCoordinator.swift */,
				250D88132751788A00C859BC /* DependencyContainer.swift */,
			);
			path = App;
			sourceTree = "<group>";
		};
		250D88062751756D00C859BC /* Resources */ = {
			isa = PBXGroup;
			children = (
				250D87FC275174A100C859BC /* Info.plist */,
				250D87F7275174A100C859BC /* Assets.xcassets */,
			);
			path = Resources;
			sourceTree = "<group>";
		};
		250D88092751766A00C859BC /* Extensions */ = {
			isa = PBXGroup;
			children = (
				250D880A2751767B00C859BC /* UIViewController+Extensions.swift */,
				250D882627517B2300C859BC /* UIBarButtonItem+Extensions.swift */,
				250D882927517B4700C859BC /* UINavigationItem+Extensions.swift */,
				250D88532751840600C859BC /* Decimal+Extensions.swift */,
				250D88922751B74A00C859BC /* UIColor+Extensions.swift */,
				250D88952751B84800C859BC /* UIButton+Extensions.swift */,
			);
			path = Extensions;
			sourceTree = "<group>";
		};
		250D8816275179C200C859BC /* PreLogin */ = {
			isa = PBXGroup;
			children = (
				250D881927517A0500C859BC /* Coordinator */,
				250D8817275179FC00C859BC /* View */,
				250D881827517A0000C859BC /* ViewModel */,
			);
			path = PreLogin;
			sourceTree = "<group>";
		};
		250D8817275179FC00C859BC /* View */ = {
			isa = PBXGroup;
			children = (
				250D881B27517A2D00C859BC /* PreLoginViewController.swift */,
			);
			path = View;
			sourceTree = "<group>";
		};
		250D881827517A0000C859BC /* ViewModel */ = {
			isa = PBXGroup;
			children = (
				250D881E27517A3900C859BC /* PreLoginViewModel.swift */,
			);
			path = ViewModel;
			sourceTree = "<group>";
		};
		250D881927517A0500C859BC /* Coordinator */ = {
			isa = PBXGroup;
			children = (
				250D882127517A4200C859BC /* PreLoginCoordinator.swift */,
			);
			path = Coordinator;
			sourceTree = "<group>";
		};
		250D882427517B0600C859BC /* Shared */ = {
			isa = PBXGroup;
			children = (
				250D886E2751929D00C859BC /* TableViewCell */,
				250D883227517FDA00C859BC /* CollectionViewCell */,
				250D8857275186D900C859BC /* FlowLayout */,
			);
			path = Shared;
			sourceTree = "<group>";
		};
		250D883227517FDA00C859BC /* CollectionViewCell */ = {
			isa = PBXGroup;
			children = (
				250D883427517FF300C859BC /* Slider */,
			);
			path = CollectionViewCell;
			sourceTree = "<group>";
		};
		250D883427517FF300C859BC /* Slider */ = {
			isa = PBXGroup;
			children = (
				250D882C27517BD400C859BC /* SliderItemCollectionViewCell.swift */,
				250D882D27517BD400C859BC /* SliderItemCollectionViewCell.xib */,
			);
			path = Slider;
			sourceTree = "<group>";
		};
		250D88362751835D00C859BC /* Campaign */ = {
			isa = PBXGroup;
			children = (
				250D88392751835D00C859BC /* Coordinator */,
				250D88412751835D00C859BC /* Model */,
				250D883B2751835D00C859BC /* SubModules */,
				250D88432751835D00C859BC /* View */,
				250D88372751835D00C859BC /* ViewModel */,
			);
			path = Campaign;
			sourceTree = "<group>";
		};
		250D88372751835D00C859BC /* ViewModel */ = {
			isa = PBXGroup;
			children = (
				250D88382751835D00C859BC /* CampaignViewModel.swift */,
			);
			path = ViewModel;
			sourceTree = "<group>";
		};
		250D88392751835D00C859BC /* Coordinator */ = {
			isa = PBXGroup;
			children = (
				250D883A2751835D00C859BC /* CampaignCoordinator.swift */,
			);
			path = Coordinator;
			sourceTree = "<group>";
		};
		250D883B2751835D00C859BC /* SubModules */ = {
			isa = PBXGroup;
			children = (
				250D883C2751835D00C859BC /* CampaignDetail */,
			);
			path = SubModules;
			sourceTree = "<group>";
		};
		250D883C2751835D00C859BC /* CampaignDetail */ = {
			isa = PBXGroup;
			children = (
				250D883D2751835D00C859BC /* ViewModel */,
				250D883F2751835D00C859BC /* View */,
			);
			path = CampaignDetail;
			sourceTree = "<group>";
		};
		250D883D2751835D00C859BC /* ViewModel */ = {
			isa = PBXGroup;
			children = (
				250D883E2751835D00C859BC /* CampaignDetailViewModel.swift */,
			);
			path = ViewModel;
			sourceTree = "<group>";
		};
		250D883F2751835D00C859BC /* View */ = {
			isa = PBXGroup;
			children = (
				250D88402751835D00C859BC /* CampaignDetailViewController.swift */,
			);
			path = View;
			sourceTree = "<group>";
		};
		250D88412751835D00C859BC /* Model */ = {
			isa = PBXGroup;
			children = (
				250D88422751835D00C859BC /* CampaignModel.swift */,
			);
			path = Model;
			sourceTree = "<group>";
		};
		250D88432751835D00C859BC /* View */ = {
			isa = PBXGroup;
			children = (
				250D88442751835D00C859BC /* Cells */,
				250D88472751835D00C859BC /* CampaignViewController.swift */,
			);
			path = View;
			sourceTree = "<group>";
		};
		250D88442751835D00C859BC /* Cells */ = {
			isa = PBXGroup;
			children = (
				250D88452751835D00C859BC /* CampaignCollectionViewCell.xib */,
				250D88462751835D00C859BC /* CampaignCollectionViewCell.swift */,
			);
			path = Cells;
			sourceTree = "<group>";
		};
		250D88512751836800C859BC /* Screens */ = {
			isa = PBXGroup;
			children = (
				250D88892751A12D00C859BC /* Profile */,
				250D887B27519E9C00C859BC /* Dashboard */,
				250D885B27518F5C00C859BC /* Login */,
				250D88362751835D00C859BC /* Campaign */,
				250D8816275179C200C859BC /* PreLogin */,
			);
			path = Screens;
			sourceTree = "<group>";
		};
		250D8857275186D900C859BC /* FlowLayout */ = {
			isa = PBXGroup;
			children = (
				250D88582751871800C859BC /* ListFlowLayout.swift */,
			);
			path = FlowLayout;
			sourceTree = "<group>";
		};
		250D885B27518F5C00C859BC /* Login */ = {
			isa = PBXGroup;
			children = (
				250D885C27518F6300C859BC /* Coordinator */,
				250D885E27518F7000C859BC /* View */,
				250D885F27518F7400C859BC /* ViewModel */,
			);
			path = Login;
			sourceTree = "<group>";
		};
		250D885C27518F6300C859BC /* Coordinator */ = {
			isa = PBXGroup;
			children = (
				250D886727518FBD00C859BC /* LoginCoordinator.swift */,
			);
			path = Coordinator;
			sourceTree = "<group>";
		};
		250D885E27518F7000C859BC /* View */ = {
			isa = PBXGroup;
			children = (
				250D886027518F8E00C859BC /* LoginViewController.swift */,
			);
			path = View;
			sourceTree = "<group>";
		};
		250D885F27518F7400C859BC /* ViewModel */ = {
			isa = PBXGroup;
			children = (
				250D886427518FAA00C859BC /* LoginViewModel.swift */,
			);
			path = ViewModel;
			sourceTree = "<group>";
		};
		250D886A2751913700C859BC /* Constants */ = {
			isa = PBXGroup;
			children = (
				250D886B2751914E00C859BC /* GeneralConstants.swift */,
			);
			path = Constants;
			sourceTree = "<group>";
		};
		250D886E2751929D00C859BC /* TableViewCell */ = {
			isa = PBXGroup;
			children = (
				250D88732751939D00C859BC /* Model */,
				250D886F275192C100C859BC /* TitleSubtitleCell.swift */,
			);
			path = TableViewCell;
			sourceTree = "<group>";
		};
		250D88732751939D00C859BC /* Model */ = {
			isa = PBXGroup;
			children = (
				250D8874275193A500C859BC /* TitleSubtitleCellModel.swift */,
			);
			path = Model;
			sourceTree = "<group>";
		};
		250D887B27519E9C00C859BC /* Dashboard */ = {
			isa = PBXGroup;
			children = (
				250D887C27519EA500C859BC /* Coordinator */,
				250D887D27519EAA00C859BC /* View */,
				250D887E27519EAD00C859BC /* ViewModel */,
			);
			path = Dashboard;
			sourceTree = "<group>";
		};
		250D887C27519EA500C859BC /* Coordinator */ = {
			isa = PBXGroup;
			children = (
				250D887F27519ECB00C859BC /* DashboardCoordinator.swift */,
			);
			path = Coordinator;
			sourceTree = "<group>";
		};
		250D887D27519EAA00C859BC /* View */ = {
			isa = PBXGroup;
			children = (
				250D888327519ED400C859BC /* DashboardViewController.swift */,
			);
			path = View;
			sourceTree = "<group>";
		};
		250D887E27519EAD00C859BC /* ViewModel */ = {
			isa = PBXGroup;
			children = (
				250D888627519EDD00C859BC /* DashboardViewModel.swift */,
			);
			path = ViewModel;
			sourceTree = "<group>";
		};
		250D88892751A12D00C859BC /* Profile */ = {
			isa = PBXGroup;
			children = (
				250D888A2751A13800C859BC /* ProfileViewController.swift */,
			);
			path = Profile;
			sourceTree = "<group>";
		};
/* End PBXGroup section */

/* Begin PBXNativeTarget section */
		250D87EA2751749F00C859BC /* pnp */ = {
			isa = PBXNativeTarget;
			buildConfigurationList = 250D87FF275174A100C859BC /* Build configuration list for PBXNativeTarget "pnp" */;
			buildPhases = (
				250D87E72751749F00C859BC /* Sources */,
				250D87E82751749F00C859BC /* Frameworks */,
				250D87E92751749F00C859BC /* Resources */,
			);
			buildRules = (
			);
			dependencies = (
			);
			name = pnp;
			productName = pnp;
			productReference = 250D87EB2751749F00C859BC /* pnp.app */;
			productType = "com.apple.product-type.application";
		};
/* End PBXNativeTarget section */

/* Begin PBXProject section */
		250D87E32751749F00C859BC /* Project object */ = {
			isa = PBXProject;
			attributes = {
				LastSwiftUpdateCheck = 1240;
				LastUpgradeCheck = 1240;
				TargetAttributes = {
					250D87EA2751749F00C859BC = {
						CreatedOnToolsVersion = 12.4;
					};
				};
			};
			buildConfigurationList = 250D87E62751749F00C859BC /* Build configuration list for PBXProject "pnp" */;
			compatibilityVersion = "Xcode 9.3";
			developmentRegion = en;
			hasScannedForEncodings = 0;
			knownRegions = (
				en,
				Base,
			);
			mainGroup = 250D87E22751749F00C859BC;
			productRefGroup = 250D87EC2751749F00C859BC /* Products */;
			projectDirPath = "";
			projectRoot = "";
			targets = (
				250D87EA2751749F00C859BC /* pnp */,
			);
		};
/* End PBXProject section */

/* Begin PBXResourcesBuildPhase section */
		250D87E92751749F00C859BC /* Resources */ = {
			isa = PBXResourcesBuildPhase;
			buildActionMask = 2147483647;
			files = (
				250D882F27517BD400C859BC /* SliderItemCollectionViewCell.xib in Resources */,
				250D87FB275174A100C859BC /* LaunchScreen.storyboard in Resources */,
				250D87F8275174A100C859BC /* Assets.xcassets in Resources */,
				250D87F62751749F00C859BC /* Main.storyboard in Resources */,
				250D884D2751835D00C859BC /* CampaignCollectionViewCell.xib in Resources */,
			);
			runOnlyForDeploymentPostprocessing = 0;
		};
/* End PBXResourcesBuildPhase section */

/* Begin PBXSourcesBuildPhase section */
		250D87E72751749F00C859BC /* Sources */ = {
			isa = PBXSourcesBuildPhase;
			buildActionMask = 2147483647;
			files = (
				250D8870275192C100C859BC /* TitleSubtitleCell.swift in Sources */,
				250D88932751B74A00C859BC /* UIColor+Extensions.swift in Sources */,
				250D888427519ED400C859BC /* DashboardViewController.swift in Sources */,
				250D88482751835D00C859BC /* CampaignViewModel.swift in Sources */,
				250D886C2751914E00C859BC /* GeneralConstants.swift in Sources */,
				250D882E27517BD400C859BC /* SliderItemCollectionViewCell.swift in Sources */,
				250D882A27517B4700C859BC /* UINavigationItem+Extensions.swift in Sources */,
				250D882727517B2300C859BC /* UIBarButtonItem+Extensions.swift in Sources */,
				250D886827518FBD00C859BC /* LoginCoordinator.swift in Sources */,
				250D884E2751835D00C859BC /* CampaignCollectionViewCell.swift in Sources */,
				250D884C2751835D00C859BC /* CampaignModel.swift in Sources */,
				250D88492751835D00C859BC /* CampaignCoordinator.swift in Sources */,
				250D884F2751835D00C859BC /* CampaignViewController.swift in Sources */,
				250D886127518F8E00C859BC /* LoginViewController.swift in Sources */,
				250D888B2751A13800C859BC /* ProfileViewController.swift in Sources */,
				250D88592751871800C859BC /* ListFlowLayout.swift in Sources */,
				250D888027519ECB00C859BC /* DashboardCoordinator.swift in Sources */,
				250D884B2751835D00C859BC /* CampaignDetailViewController.swift in Sources */,
				250D88542751840600C859BC /* Decimal+Extensions.swift in Sources */,
				250D88112751786400C859BC /* AppCoordinator.swift in Sources */,
				250D882227517A4200C859BC /* PreLoginCoordinator.swift in Sources */,
				250D88142751788A00C859BC /* DependencyContainer.swift in Sources */,
				250D880B2751767B00C859BC /* UIViewController+Extensions.swift in Sources */,
				250D87EF2751749F00C859BC /* AppDelegate.swift in Sources */,
				250D884A2751835D00C859BC /* CampaignDetailViewModel.swift in Sources */,
				250D8875275193A500C859BC /* TitleSubtitleCellModel.swift in Sources */,
				250D881F27517A3900C859BC /* PreLoginViewModel.swift in Sources */,
				250D881C27517A2D00C859BC /* PreLoginViewController.swift in Sources */,
				250D886527518FAA00C859BC /* LoginViewModel.swift in Sources */,
				250D888727519EDD00C859BC /* DashboardViewModel.swift in Sources */,
				250D88962751B84800C859BC /* UIButton+Extensions.swift in Sources */,
			);
			runOnlyForDeploymentPostprocessing = 0;
		};
/* End PBXSourcesBuildPhase section */

/* Begin PBXVariantGroup section */
		250D87F42751749F00C859BC /* Main.storyboard */ = {
			isa = PBXVariantGroup;
			children = (
				250D87F52751749F00C859BC /* Base */,
			);
			name = Main.storyboard;
			sourceTree = "<group>";
		};
		250D87F9275174A100C859BC /* LaunchScreen.storyboard */ = {
			isa = PBXVariantGroup;
			children = (
				250D87FA275174A100C859BC /* Base */,
			);
			name = LaunchScreen.storyboard;
			sourceTree = "<group>";
		};
/* End PBXVariantGroup section */

/* Begin XCBuildConfiguration section */
		250D87FD275174A100C859BC /* Debug */ = {
			isa = XCBuildConfiguration;
			buildSettings = {
				ALWAYS_SEARCH_USER_PATHS = NO;
				CLANG_ANALYZER_NONNULL = YES;
				CLANG_ANALYZER_NUMBER_OBJECT_CONVERSION = YES_AGGRESSIVE;
				CLANG_CXX_LANGUAGE_STANDARD = "gnu++14";
				CLANG_CXX_LIBRARY = "libc++";
				CLANG_ENABLE_MODULES = YES;
				CLANG_ENABLE_OBJC_ARC = YES;
				CLANG_ENABLE_OBJC_WEAK = YES;
				CLANG_WARN_BLOCK_CAPTURE_AUTORELEASING = YES;
				CLANG_WARN_BOOL_CONVERSION = YES;
				CLANG_WARN_COMMA = YES;
				CLANG_WARN_CONSTANT_CONVERSION = YES;
				CLANG_WARN_DEPRECATED_OBJC_IMPLEMENTATIONS = YES;
				CLANG_WARN_DIRECT_OBJC_ISA_USAGE = YES_ERROR;
				CLANG_WARN_DOCUMENTATION_COMMENTS = YES;
				CLANG_WARN_EMPTY_BODY = YES;
				CLANG_WARN_ENUM_CONVERSION = YES;
				CLANG_WARN_INFINITE_RECURSION = YES;
				CLANG_WARN_INT_CONVERSION = YES;
				CLANG_WARN_NON_LITERAL_NULL_CONVERSION = YES;
				CLANG_WARN_OBJC_IMPLICIT_RETAIN_SELF = YES;
				CLANG_WARN_OBJC_LITERAL_CONVERSION = YES;
				CLANG_WARN_OBJC_ROOT_CLASS = YES_ERROR;
				CLANG_WARN_QUOTED_INCLUDE_IN_FRAMEWORK_HEADER = YES;
				CLANG_WARN_RANGE_LOOP_ANALYSIS = YES;
				CLANG_WARN_STRICT_PROTOTYPES = YES;
				CLANG_WARN_SUSPICIOUS_MOVE = YES;
				CLANG_WARN_UNGUARDED_AVAILABILITY = YES_AGGRESSIVE;
				CLANG_WARN_UNREACHABLE_CODE = YES;
				CLANG_WARN__DUPLICATE_METHOD_MATCH = YES;
				COPY_PHASE_STRIP = NO;
				DEBUG_INFORMATION_FORMAT = dwarf;
				ENABLE_STRICT_OBJC_MSGSEND = YES;
				ENABLE_TESTABILITY = YES;
				GCC_C_LANGUAGE_STANDARD = gnu11;
				GCC_DYNAMIC_NO_PIC = NO;
				GCC_NO_COMMON_BLOCKS = YES;
				GCC_OPTIMIZATION_LEVEL = 0;
				GCC_PREPROCESSOR_DEFINITIONS = (
					"DEBUG=1",
					"$(inherited)",
				);
				GCC_WARN_64_TO_32_BIT_CONVERSION = YES;
				GCC_WARN_ABOUT_RETURN_TYPE = YES_ERROR;
				GCC_WARN_UNDECLARED_SELECTOR = YES;
				GCC_WARN_UNINITIALIZED_AUTOS = YES_AGGRESSIVE;
				GCC_WARN_UNUSED_FUNCTION = YES;
				GCC_WARN_UNUSED_VARIABLE = YES;
				IPHONEOS_DEPLOYMENT_TARGET = 14.4;
				MTL_ENABLE_DEBUG_INFO = INCLUDE_SOURCE;
				MTL_FAST_MATH = YES;
				ONLY_ACTIVE_ARCH = YES;
				SDKROOT = iphoneos;
				SWIFT_ACTIVE_COMPILATION_CONDITIONS = DEBUG;
				SWIFT_OPTIMIZATION_LEVEL = "-Onone";
			};
			name = Debug;
		};
		250D87FE275174A100C859BC /* Release */ = {
			isa = XCBuildConfiguration;
			buildSettings = {
				ALWAYS_SEARCH_USER_PATHS = NO;
				CLANG_ANALYZER_NONNULL = YES;
				CLANG_ANALYZER_NUMBER_OBJECT_CONVERSION = YES_AGGRESSIVE;
				CLANG_CXX_LANGUAGE_STANDARD = "gnu++14";
				CLANG_CXX_LIBRARY = "libc++";
				CLANG_ENABLE_MODULES = YES;
				CLANG_ENABLE_OBJC_ARC = YES;
				CLANG_ENABLE_OBJC_WEAK = YES;
				CLANG_WARN_BLOCK_CAPTURE_AUTORELEASING = YES;
				CLANG_WARN_BOOL_CONVERSION = YES;
				CLANG_WARN_COMMA = YES;
				CLANG_WARN_CONSTANT_CONVERSION = YES;
				CLANG_WARN_DEPRECATED_OBJC_IMPLEMENTATIONS = YES;
				CLANG_WARN_DIRECT_OBJC_ISA_USAGE = YES_ERROR;
				CLANG_WARN_DOCUMENTATION_COMMENTS = YES;
				CLANG_WARN_EMPTY_BODY = YES;
				CLANG_WARN_ENUM_CONVERSION = YES;
				CLANG_WARN_INFINITE_RECURSION = YES;
				CLANG_WARN_INT_CONVERSION = YES;
				CLANG_WARN_NON_LITERAL_NULL_CONVERSION = YES;
				CLANG_WARN_OBJC_IMPLICIT_RETAIN_SELF = YES;
				CLANG_WARN_OBJC_LITERAL_CONVERSION = YES;
				CLANG_WARN_OBJC_ROOT_CLASS = YES_ERROR;
				CLANG_WARN_QUOTED_INCLUDE_IN_FRAMEWORK_HEADER = YES;
				CLANG_WARN_RANGE_LOOP_ANALYSIS = YES;
				CLANG_WARN_STRICT_PROTOTYPES = YES;
				CLANG_WARN_SUSPICIOUS_MOVE = YES;
				CLANG_WARN_UNGUARDED_AVAILABILITY = YES_AGGRESSIVE;
				CLANG_WARN_UNREACHABLE_CODE = YES;
				CLANG_WARN__DUPLICATE_METHOD_MATCH = YES;
				COPY_PHASE_STRIP = NO;
				DEBUG_INFORMATION_FORMAT = "dwarf-with-dsym";
				ENABLE_NS_ASSERTIONS = NO;
				ENABLE_STRICT_OBJC_MSGSEND = YES;
				GCC_C_LANGUAGE_STANDARD = gnu11;
				GCC_NO_COMMON_BLOCKS = YES;
				GCC_WARN_64_TO_32_BIT_CONVERSION = YES;
				GCC_WARN_ABOUT_RETURN_TYPE = YES_ERROR;
				GCC_WARN_UNDECLARED_SELECTOR = YES;
				GCC_WARN_UNINITIALIZED_AUTOS = YES_AGGRESSIVE;
				GCC_WARN_UNUSED_FUNCTION = YES;
				GCC_WARN_UNUSED_VARIABLE = YES;
				IPHONEOS_DEPLOYMENT_TARGET = 14.4;
				MTL_ENABLE_DEBUG_INFO = NO;
				MTL_FAST_MATH = YES;
				SDKROOT = iphoneos;
				SWIFT_COMPILATION_MODE = wholemodule;
				SWIFT_OPTIMIZATION_LEVEL = "-O";
				VALIDATE_PRODUCT = YES;
			};
			name = Release;
		};
		250D8800275174A100C859BC /* Debug */ = {
			isa = XCBuildConfiguration;
			buildSettings = {
				ASSETCATALOG_COMPILER_APPICON_NAME = AppIcon;
				ASSETCATALOG_COMPILER_GLOBAL_ACCENT_COLOR_NAME = AccentColor;
				CODE_SIGN_STYLE = Automatic;
				INFOPLIST_FILE = pnp/Resources/Info.plist;
				LD_RUNPATH_SEARCH_PATHS = (
					"$(inherited)",
					"@executable_path/Frameworks",
				);
				PRODUCT_BUNDLE_IDENTIFIER = com.mertkgs.pnp;
				PRODUCT_NAME = "$(TARGET_NAME)";
				SWIFT_VERSION = 5.0;
				TARGETED_DEVICE_FAMILY = "1,2";
			};
			name = Debug;
		};
		250D8801275174A100C859BC /* Release */ = {
			isa = XCBuildConfiguration;
			buildSettings = {
				ASSETCATALOG_COMPILER_APPICON_NAME = AppIcon;
				ASSETCATALOG_COMPILER_GLOBAL_ACCENT_COLOR_NAME = AccentColor;
				CODE_SIGN_STYLE = Automatic;
				INFOPLIST_FILE = pnp/Resources/Info.plist;
				LD_RUNPATH_SEARCH_PATHS = (
					"$(inherited)",
					"@executable_path/Frameworks",
				);
				PRODUCT_BUNDLE_IDENTIFIER = com.mertkgs.pnp;
				PRODUCT_NAME = "$(TARGET_NAME)";
				SWIFT_VERSION = 5.0;
				TARGETED_DEVICE_FAMILY = "1,2";
			};
			name = Release;
		};
/* End XCBuildConfiguration section */

/* Begin XCConfigurationList section */
		250D87E62751749F00C859BC /* Build configuration list for PBXProject "pnp" */ = {
			isa = XCConfigurationList;
			buildConfigurations = (
				250D87FD275174A100C859BC /* Debug */,
				250D87FE275174A100C859BC /* Release */,
			);
			defaultConfigurationIsVisible = 0;
			defaultConfigurationName = Release;
		};
		250D87FF275174A100C859BC /* Build configuration list for PBXNativeTarget "pnp" */ = {
			isa = XCConfigurationList;
			buildConfigurations = (
				250D8800275174A100C859BC /* Debug */,
				250D8801275174A100C859BC /* Release */,
			);
			defaultConfigurationIsVisible = 0;
			defaultConfigurationName = Release;
		};
/* End XCConfigurationList section */
	};
	rootObject = 250D87E32751749F00C859BC /* Project object */;
}
